{
  "version": 4,
  "terraform_version": "1.6.4",
  "serial": 82,
  "lineage": "0cfb8456-74f1-3edf-587d-d453a62c99ea",
  "outputs": {},
  "resources": [
    {
      "module": "module.nicm",
      "mode": "data",
      "type": "azurerm_public_ip",
      "name": "pipdata",
      "provider": "provider[\"registry.terraform.io/hashicorp/azurerm\"]",
      "instances": [
        {
          "index_key": "nic1",
          "schema_version": 0,
          "attributes": {
            "allocation_method": "Static",
            "ddos_protection_mode": "VirtualNetworkInherited",
            "ddos_protection_plan_id": null,
            "domain_name_label": "",
            "fqdn": "",
            "id": "/subscriptions/1420c8d5-9bbc-4510-8c19-b5350cbc39c0/resourceGroups/rm-resources/providers/Microsoft.Network/publicIPAddresses/rmpublicip",
            "idle_timeout_in_minutes": 4,
            "ip_address": "20.28.196.29",
            "ip_tags": {},
            "ip_version": "IPv4",
            "location": "australiaeast",
            "name": "rmpublicip",
            "resource_group_name": "rm-resources",
            "reverse_fqdn": "",
            "sku": "Standard",
            "tags": {},
            "timeouts": null,
            "zones": []
          },
          "sensitive_attributes": []
        }
      ]
    },
    {
      "module": "module.nicm",
      "mode": "managed",
      "type": "azurerm_network_interface",
      "name": "nicblock",
      "provider": "provider[\"registry.terraform.io/hashicorp/azurerm\"]",
      "instances": [
        {
          "index_key": "nic1",
          "schema_version": 0,
          "attributes": {
            "applied_dns_servers": [],
            "auxiliary_mode": "",
            "auxiliary_sku": "",
            "dns_servers": [],
            "edge_zone": "",
            "enable_accelerated_networking": false,
            "enable_ip_forwarding": false,
            "id": "/subscriptions/1420c8d5-9bbc-4510-8c19-b5350cbc39c0/resourceGroups/rm-resources/providers/Microsoft.Network/networkInterfaces/rmnetworkinterface",
            "internal_dns_name_label": "",
            "internal_domain_name_suffix": "hwzcl2e4hfpefln1nhtm1335ze.px.internal.cloudapp.net",
            "ip_configuration": [
              {
                "gateway_load_balancer_frontend_ip_configuration_id": "",
                "name": "internal",
                "primary": true,
                "private_ip_address": "10.0.1.4",
                "private_ip_address_allocation": "Dynamic",
                "private_ip_address_version": "IPv4",
                "public_ip_address_id": "/subscriptions/1420c8d5-9bbc-4510-8c19-b5350cbc39c0/resourceGroups/rm-resources/providers/Microsoft.Network/publicIPAddresses/rmpublicip",
                "subnet_id": "/subscriptions/1420c8d5-9bbc-4510-8c19-b5350cbc39c0/resourceGroups/rm-resources/providers/Microsoft.Network/virtualNetworks/rmvnet11/subnets/rmsubnet"
              }
            ],
            "location": "australiaeast",
            "mac_address": "",
            "name": "rmnetworkinterface",
            "private_ip_address": "10.0.1.4",
            "private_ip_addresses": [
              "10.0.1.4"
            ],
            "resource_group_name": "rm-resources",
            "tags": {},
            "timeouts": null,
            "virtual_machine_id": ""
          },
          "sensitive_attributes": [],
          "private": "eyJlMmJmYjczMC1lY2FhLTExZTYtOGY4OC0zNDM2M2JjN2M0YzAiOnsiY3JlYXRlIjoxODAwMDAwMDAwMDAwLCJkZWxldGUiOjE4MDAwMDAwMDAwMDAsInJlYWQiOjMwMDAwMDAwMDAwMCwidXBkYXRlIjoxODAwMDAwMDAwMDAwfX0=",
          "dependencies": [
            "module.nicm.data.azurerm_public_ip.pipdata",
            "module.pipm.azurerm_public_ip.pipblock",
            "module.rgm.azurerm_resource_group.rgblock",
            "module.subnetm.azurerm_subnet.subnetblock",
            "module.vnetm.azurerm_virtual_network.vnetblock"
          ]
        }
      ]
    },
    {
      "module": "module.nsgassm",
      "mode": "data",
      "type": "azurerm_network_security_group",
      "name": "nsgdata",
      "provider": "provider[\"registry.terraform.io/hashicorp/azurerm\"]",
      "instances": [
        {
          "index_key": "nsgass1",
          "schema_version": 0,
          "attributes": {
            "id": "/subscriptions/1420c8d5-9bbc-4510-8c19-b5350cbc39c0/resourceGroups/rm-resources/providers/Microsoft.Network/networkSecurityGroups/rmnsg",
            "location": "australiaeast",
            "name": "rmnsg",
            "resource_group_name": "rm-resources",
            "security_rule": [
              {
                "access": "Allow",
                "description": "",
                "destination_address_prefix": "*",
                "destination_address_prefixes": [],
                "destination_application_security_group_ids": [],
                "destination_port_range": "22",
                "destination_port_ranges": [],
                "direction": "Inbound",
                "name": "rmr2",
                "priority": 101,
                "protocol": "Tcp",
                "source_address_prefix": "*",
                "source_address_prefixes": [],
                "source_application_security_group_ids": [],
                "source_port_range": "*",
                "source_port_ranges": []
              },
              {
                "access": "Allow",
                "description": "",
                "destination_address_prefix": "*",
                "destination_address_prefixes": [],
                "destination_application_security_group_ids": [],
                "destination_port_range": "80",
                "destination_port_ranges": [],
                "direction": "Inbound",
                "name": "rmr1",
                "priority": 100,
                "protocol": "Tcp",
                "source_address_prefix": "*",
                "source_address_prefixes": [],
                "source_application_security_group_ids": [],
                "source_port_range": "*",
                "source_port_ranges": []
              }
            ],
            "tags": {},
            "timeouts": null
          },
          "sensitive_attributes": []
        }
      ]
    },
    {
      "module": "module.nsgassm",
      "mode": "data",
      "type": "azurerm_subnet",
      "name": "subnetdata",
      "provider": "provider[\"registry.terraform.io/hashicorp/azurerm\"]",
      "instances": [
        {
          "index_key": "nsgass1",
          "schema_version": 0,
          "attributes": {
            "address_prefix": "10.0.1.0/24",
            "address_prefixes": [
              "10.0.1.0/24"
            ],
            "enforce_private_link_endpoint_network_policies": false,
            "enforce_private_link_service_network_policies": false,
            "id": "/subscriptions/1420c8d5-9bbc-4510-8c19-b5350cbc39c0/resourceGroups/rm-resources/providers/Microsoft.Network/virtualNetworks/rmvnet11/subnets/rmsubnet",
            "name": "rmsubnet",
            "network_security_group_id": "/subscriptions/1420c8d5-9bbc-4510-8c19-b5350cbc39c0/resourceGroups/rm-resources/providers/Microsoft.Network/networkSecurityGroups/rmnsg",
            "private_endpoint_network_policies_enabled": true,
            "private_link_service_network_policies_enabled": true,
            "resource_group_name": "rm-resources",
            "route_table_id": "",
            "service_endpoints": [],
            "timeouts": null,
            "virtual_network_name": "rmvnet11"
          },
          "sensitive_attributes": []
        }
      ]
    },
    {
      "module": "module.nsgassm",
      "mode": "managed",
      "type": "azurerm_subnet_network_security_group_association",
      "name": "nsgassblock",
      "provider": "provider[\"registry.terraform.io/hashicorp/azurerm\"]",
      "instances": [
        {
          "index_key": "nsgass1",
          "schema_version": 0,
          "attributes": {
            "id": "/subscriptions/1420c8d5-9bbc-4510-8c19-b5350cbc39c0/resourceGroups/rm-resources/providers/Microsoft.Network/virtualNetworks/rmvnet11/subnets/rmsubnet",
            "network_security_group_id": "/subscriptions/1420c8d5-9bbc-4510-8c19-b5350cbc39c0/resourceGroups/rm-resources/providers/Microsoft.Network/networkSecurityGroups/rmnsg",
            "subnet_id": "/subscriptions/1420c8d5-9bbc-4510-8c19-b5350cbc39c0/resourceGroups/rm-resources/providers/Microsoft.Network/virtualNetworks/rmvnet11/subnets/rmsubnet",
            "timeouts": null
          },
          "sensitive_attributes": [],
          "private": "eyJlMmJmYjczMC1lY2FhLTExZTYtOGY4OC0zNDM2M2JjN2M0YzAiOnsiY3JlYXRlIjoxODAwMDAwMDAwMDAwLCJkZWxldGUiOjE4MDAwMDAwMDAwMDAsInJlYWQiOjMwMDAwMDAwMDAwMH19",
          "dependencies": [
            "module.nsgassm.data.azurerm_network_security_group.nsgdata",
            "module.nsgassm.data.azurerm_subnet.subnetdata",
            "module.nsgm.azurerm_network_security_group.nsgblock",
            "module.rgm.azurerm_resource_group.rgblock",
            "module.subnetm.azurerm_subnet.subnetblock",
            "module.vnetm.azurerm_virtual_network.vnetblock"
          ]
        }
      ]
    },
    {
      "module": "module.nsgm",
      "mode": "managed",
      "type": "azurerm_network_security_group",
      "name": "nsgblock",
      "provider": "provider[\"registry.terraform.io/hashicorp/azurerm\"]",
      "instances": [
        {
          "index_key": "ngs1",
          "schema_version": 0,
          "attributes": {
            "id": "/subscriptions/1420c8d5-9bbc-4510-8c19-b5350cbc39c0/resourceGroups/rm-resources/providers/Microsoft.Network/networkSecurityGroups/rmnsg",
            "location": "australiaeast",
            "name": "rmnsg",
            "resource_group_name": "rm-resources",
            "security_rule": [
              {
                "access": "Allow",
                "description": "",
                "destination_address_prefix": "*",
                "destination_address_prefixes": [],
                "destination_application_security_group_ids": [],
                "destination_port_range": "22",
                "destination_port_ranges": [],
                "direction": "Inbound",
                "name": "rmr2",
                "priority": 101,
                "protocol": "Tcp",
                "source_address_prefix": "*",
                "source_address_prefixes": [],
                "source_application_security_group_ids": [],
                "source_port_range": "*",
                "source_port_ranges": []
              },
              {
                "access": "Allow",
                "description": "",
                "destination_address_prefix": "*",
                "destination_address_prefixes": [],
                "destination_application_security_group_ids": [],
                "destination_port_range": "80",
                "destination_port_ranges": [],
                "direction": "Inbound",
                "name": "rmr1",
                "priority": 100,
                "protocol": "Tcp",
                "source_address_prefix": "*",
                "source_address_prefixes": [],
                "source_application_security_group_ids": [],
                "source_port_range": "*",
                "source_port_ranges": []
              }
            ],
            "tags": {},
            "timeouts": null
          },
          "sensitive_attributes": [],
          "private": "eyJlMmJmYjczMC1lY2FhLTExZTYtOGY4OC0zNDM2M2JjN2M0YzAiOnsiY3JlYXRlIjoxODAwMDAwMDAwMDAwLCJkZWxldGUiOjE4MDAwMDAwMDAwMDAsInJlYWQiOjMwMDAwMDAwMDAwMCwidXBkYXRlIjoxODAwMDAwMDAwMDAwfX0=",
          "dependencies": [
            "module.rgm.azurerm_resource_group.rgblock",
            "module.subnetm.azurerm_subnet.subnetblock",
            "module.vnetm.azurerm_virtual_network.vnetblock"
          ]
        }
      ]
    },
    {
      "module": "module.pipm",
      "mode": "managed",
      "type": "azurerm_public_ip",
      "name": "pipblock",
      "provider": "provider[\"registry.terraform.io/hashicorp/azurerm\"]",
      "instances": [
        {
          "index_key": "pip1",
          "schema_version": 0,
          "attributes": {
            "allocation_method": "Static",
            "ddos_protection_mode": "VirtualNetworkInherited",
            "ddos_protection_plan_id": null,
            "domain_name_label": null,
            "edge_zone": "",
            "fqdn": null,
            "id": "/subscriptions/1420c8d5-9bbc-4510-8c19-b5350cbc39c0/resourceGroups/rm-resources/providers/Microsoft.Network/publicIPAddresses/rmpublicip",
            "idle_timeout_in_minutes": 4,
            "ip_address": "20.28.196.29",
            "ip_tags": {},
            "ip_version": "IPv4",
            "location": "australiaeast",
            "name": "rmpublicip",
            "public_ip_prefix_id": null,
            "resource_group_name": "rm-resources",
            "reverse_fqdn": null,
            "sku": "Standard",
            "sku_tier": "Regional",
            "tags": {},
            "timeouts": null,
            "zones": []
          },
          "sensitive_attributes": [],
          "private": "eyJlMmJmYjczMC1lY2FhLTExZTYtOGY4OC0zNDM2M2JjN2M0YzAiOnsiY3JlYXRlIjoxODAwMDAwMDAwMDAwLCJkZWxldGUiOjE4MDAwMDAwMDAwMDAsInJlYWQiOjMwMDAwMDAwMDAwMCwidXBkYXRlIjoxODAwMDAwMDAwMDAwfX0=",
          "dependencies": [
            "module.rgm.azurerm_resource_group.rgblock"
          ]
        }
      ]
    },
    {
      "module": "module.rgm",
      "mode": "managed",
      "type": "azurerm_resource_group",
      "name": "rgblock",
      "provider": "provider[\"registry.terraform.io/hashicorp/azurerm\"]",
      "instances": [
        {
          "index_key": "rg1",
          "schema_version": 0,
          "attributes": {
            "id": "/subscriptions/1420c8d5-9bbc-4510-8c19-b5350cbc39c0/resourceGroups/rm-resources",
            "location": "australiaeast",
            "managed_by": "",
            "name": "rm-resources",
            "tags": {},
            "timeouts": null
          },
          "sensitive_attributes": [],
          "private": "eyJlMmJmYjczMC1lY2FhLTExZTYtOGY4OC0zNDM2M2JjN2M0YzAiOnsiY3JlYXRlIjo1NDAwMDAwMDAwMDAwLCJkZWxldGUiOjU0MDAwMDAwMDAwMDAsInJlYWQiOjMwMDAwMDAwMDAwMCwidXBkYXRlIjo1NDAwMDAwMDAwMDAwfX0="
        }
      ]
    },
    {
      "module": "module.subnetm",
      "mode": "managed",
      "type": "azurerm_subnet",
      "name": "subnetblock",
      "provider": "provider[\"registry.terraform.io/hashicorp/azurerm\"]",
      "instances": [
        {
          "index_key": "subnet1",
          "schema_version": 0,
          "attributes": {
            "address_prefixes": [
              "10.0.1.0/24"
            ],
            "delegation": [],
            "enforce_private_link_endpoint_network_policies": false,
            "enforce_private_link_service_network_policies": false,
            "id": "/subscriptions/1420c8d5-9bbc-4510-8c19-b5350cbc39c0/resourceGroups/rm-resources/providers/Microsoft.Network/virtualNetworks/rmvnet11/subnets/rmsubnet",
            "name": "rmsubnet",
            "private_endpoint_network_policies_enabled": true,
            "private_link_service_network_policies_enabled": true,
            "resource_group_name": "rm-resources",
            "service_endpoint_policy_ids": [],
            "service_endpoints": [],
            "timeouts": null,
            "virtual_network_name": "rmvnet11"
          },
          "sensitive_attributes": [],
          "private": "eyJlMmJmYjczMC1lY2FhLTExZTYtOGY4OC0zNDM2M2JjN2M0YzAiOnsiY3JlYXRlIjoxODAwMDAwMDAwMDAwLCJkZWxldGUiOjE4MDAwMDAwMDAwMDAsInJlYWQiOjMwMDAwMDAwMDAwMCwidXBkYXRlIjoxODAwMDAwMDAwMDAwfX0=",
          "dependencies": [
            "module.rgm.azurerm_resource_group.rgblock",
            "module.vnetm.azurerm_virtual_network.vnetblock"
          ]
        }
      ]
    },
    {
      "module": "module.vms",
      "mode": "managed",
      "type": "azurerm_linux_virtual_machine",
      "name": "vmblock",
      "provider": "provider[\"registry.terraform.io/hashicorp/azurerm\"]",
      "instances": [
        {
          "index_key": "vm1",
          "status": "tainted",
          "schema_version": 0,
          "attributes": {
            "additional_capabilities": [],
            "admin_password": "adminrm@1234",
            "admin_ssh_key": [],
            "admin_username": "azureuser",
            "allow_extension_operations": true,
            "availability_set_id": "",
            "boot_diagnostics": [],
            "bypass_platform_safety_checks_on_user_schedule_enabled": false,
            "capacity_reservation_group_id": "",
            "computer_name": "rmvm1",
            "custom_data": null,
            "dedicated_host_group_id": "",
            "dedicated_host_id": "",
            "disable_password_authentication": false,
            "edge_zone": "",
            "encryption_at_host_enabled": false,
            "eviction_policy": "",
            "extensions_time_budget": "PT1H30M",
            "gallery_application": [],
            "id": "/subscriptions/1420c8d5-9bbc-4510-8c19-b5350cbc39c0/resourceGroups/rm-resources/providers/Microsoft.Compute/virtualMachines/rmvm1",
            "identity": [],
            "license_type": "",
            "location": "australiaeast",
            "max_bid_price": -1,
            "name": "rmvm1",
            "network_interface_ids": [
              "/subscriptions/1420c8d5-9bbc-4510-8c19-b5350cbc39c0/resourceGroups/rm-resources/providers/Microsoft.Network/networkInterfaces/rmnetworkinterface"
            ],
            "os_disk": [
              {
                "caching": "ReadWrite",
                "diff_disk_settings": [],
                "disk_encryption_set_id": "",
                "disk_size_gb": 30,
                "name": "rmvm1_OsDisk_1_e74f656318f74893ad95fb35900b9faf",
                "secure_vm_disk_encryption_set_id": "",
                "security_encryption_type": "",
                "storage_account_type": "Standard_LRS",
                "write_accelerator_enabled": false
              }
            ],
            "patch_assessment_mode": "ImageDefault",
            "patch_mode": "ImageDefault",
            "plan": [],
            "platform_fault_domain": -1,
            "priority": "Regular",
            "private_ip_address": "10.0.1.4",
            "private_ip_addresses": [
              "10.0.1.4"
            ],
            "provision_vm_agent": true,
            "proximity_placement_group_id": "",
            "public_ip_address": "20.28.196.29",
            "public_ip_addresses": [
              "20.28.196.29"
            ],
            "reboot_setting": "",
            "resource_group_name": "rm-resources",
            "secret": [],
            "secure_boot_enabled": false,
            "size": "Standard_F2",
            "source_image_id": "",
            "source_image_reference": [
              {
                "offer": "0001-com-ubuntu-server-focal",
                "publisher": "Canonical",
                "sku": "20_04-lts",
                "version": "latest"
              }
            ],
            "tags": null,
            "termination_notification": null,
            "timeouts": null,
            "user_data": "",
            "virtual_machine_id": "bda54bd3-db1e-4af2-b210-8c49c49070aa",
            "virtual_machine_scale_set_id": "",
            "vtpm_enabled": false,
            "zone": ""
          },
          "sensitive_attributes": [],
          "private": "eyJlMmJmYjczMC1lY2FhLTExZTYtOGY4OC0zNDM2M2JjN2M0YzAiOnsiY3JlYXRlIjoyNzAwMDAwMDAwMDAwLCJkZWxldGUiOjI3MDAwMDAwMDAwMDAsInJlYWQiOjMwMDAwMDAwMDAwMCwidXBkYXRlIjoyNzAwMDAwMDAwMDAwfX0=",
          "dependencies": [
            "module.nicm.azurerm_network_interface.nicblock",
            "module.nicm.data.azurerm_public_ip.pipdata",
            "module.pipm.azurerm_public_ip.pipblock",
            "module.rgm.azurerm_resource_group.rgblock",
            "module.subnetm.azurerm_subnet.subnetblock",
            "module.vnetm.azurerm_virtual_network.vnetblock"
          ]
        }
      ]
    },
    {
      "module": "module.vnetm",
      "mode": "managed",
      "type": "azurerm_virtual_network",
      "name": "vnetblock",
      "provider": "provider[\"registry.terraform.io/hashicorp/azurerm\"]",
      "instances": [
        {
          "index_key": "vnet1",
          "schema_version": 0,
          "attributes": {
            "address_space": [
              "10.0.1.0/24"
            ],
            "bgp_community": "",
            "ddos_protection_plan": [],
            "dns_servers": [],
            "edge_zone": "",
            "encryption": [],
            "flow_timeout_in_minutes": 0,
            "guid": "f025b23d-399e-425e-adbb-69e6cdf7bfcc",
            "id": "/subscriptions/1420c8d5-9bbc-4510-8c19-b5350cbc39c0/resourceGroups/rm-resources/providers/Microsoft.Network/virtualNetworks/rmvnet11",
            "location": "australiaeast",
            "name": "rmvnet11",
            "resource_group_name": "rm-resources",
            "subnet": [
              {
                "address_prefix": "10.0.1.0/24",
                "id": "/subscriptions/1420c8d5-9bbc-4510-8c19-b5350cbc39c0/resourceGroups/rm-resources/providers/Microsoft.Network/virtualNetworks/rmvnet11/subnets/rmsubnet",
                "name": "rmsubnet",
                "security_group": "/subscriptions/1420c8d5-9bbc-4510-8c19-b5350cbc39c0/resourceGroups/rm-resources/providers/Microsoft.Network/networkSecurityGroups/rmnsg"
              }
            ],
            "tags": {},
            "timeouts": null
          },
          "sensitive_attributes": [],
          "private": "eyJlMmJmYjczMC1lY2FhLTExZTYtOGY4OC0zNDM2M2JjN2M0YzAiOnsiY3JlYXRlIjoxODAwMDAwMDAwMDAwLCJkZWxldGUiOjE4MDAwMDAwMDAwMDAsInJlYWQiOjMwMDAwMDAwMDAwMCwidXBkYXRlIjoxODAwMDAwMDAwMDAwfX0=",
          "dependencies": [
            "module.rgm.azurerm_resource_group.rgblock"
          ]
        }
      ]
    }
  ],
  "check_results": null
}
